
Microsoft Visual Studio Solution File, Format Version 12.00
# Visual Studio Version 17
VisualStudioVersion = 17.1.32210.238
MinimumVisualStudioVersion = 10.0.40219.1
Project("{FAE04EC0-301F-11D3-BF4B-00C04F79EFBC}") = "LD_24", "LD_24\LD_24.csproj", "{C162007D-7F69-4C5B-9FFF-2EB3B94118A8}"
EndProject
Global
	GlobalSection(SolutionConfigurationPlatforms) = preSolution
		Debug|Any CPU = Debug|Any CPU
		Release|Any CPU = Release|Any CPU
	EndGlobalSection
	GlobalSection(ProjectConfigurationPlatforms) = postSolution
		{C162007D-7F69-4C5B-9FFF-2EB3B94118A8}.Debug|Any CPU.ActiveCfg = Debug|Any CPU
		{C162007D-7F69-4C5B-9FFF-2EB3B94118A8}.Debug|Any CPU.Build.0 = Debug|Any CPU
		{C162007D-7F69-4C5B-9FFF-2EB3B94118A8}.Release|Any CPU.ActiveCfg = Release|Any CPU
		{C162007D-7F69-4C5B-9FFF-2EB3B94118A8}.Release|Any CPU.Build.0 = Release|Any CPU
	EndGlobalSection
	GlobalSection(SolutionProperties) = preSolution
		HideSolutionNode = FALSE
	EndGlobalSection
	GlobalSection(ExtensibilityGlobals) = postSolution
		SolutionGuid = {8473410E-D9E0-4BA9-A427-A5B2B6302499}
	EndGlobalSection
EndGlobal
